<?xml version="1.0" encoding="utf-8"?>
<Project ToolsVersion="4.0" xmlns="http://schemas.microsoft.com/developer/msbuild/2003">
  <ItemGroup>
    <Filter Include="Source Files">
      <UniqueIdentifier>{4FC737F1-C7A5-4376-A066-2A32D752A2FF}</UniqueIdentifier>
      <Extensions>cpp;cxx;c;def</Extensions>
    </Filter>
    <Filter Include="Header Files">
      <UniqueIdentifier>{93995380-89BD-4b04-88EB-625FBE52EBFB}</UniqueIdentifier>
      <Extensions>h</Extensions>
    </Filter>
    <Filter Include="Resource Files">
      <UniqueIdentifier>{D9D6E242-F8AF-46E4-B9FD-80ECBC20BA3E}</UniqueIdentifier>
      <Extensions>qrc;*</Extensions>
      <ParseFiles>false</ParseFiles>
    </Filter>
    <Filter Include="Generated Files">
      <UniqueIdentifier>{71ED8ED8-ACB9-4CE9-BBE1-E00B30144E11}</UniqueIdentifier>
      <Extensions>moc;h;cpp</Extensions>
      <SourceControlFiles>False</SourceControlFiles>
    </Filter>
    <Filter Include="Generated Files\Debug">
      <UniqueIdentifier>{5c343c81-8322-4266-aee3-3ed9c3166124}</UniqueIdentifier>
      <Extensions>cpp;moc</Extensions>
      <SourceControlFiles>False</SourceControlFiles>
    </Filter>
    <Filter Include="Generated Files\Release">
      <UniqueIdentifier>{cfd9dd3d-6709-4333-8638-0e097104c921}</UniqueIdentifier>
      <Extensions>cpp;moc</Extensions>
      <SourceControlFiles>False</SourceControlFiles>
    </Filter>
    <Filter Include="Resource Files\images">
      <UniqueIdentifier>{79943e09-13aa-48bd-a1e4-97ad032104c4}</UniqueIdentifier>
    </Filter>
  </ItemGroup>
  <ItemGroup>
    <ClCompile Include="stdafx.cpp">
      <Filter>Source Files</Filter>
    </ClCompile>
    <ClCompile Include="main.cpp">
      <Filter>Source Files</Filter>
    </ClCompile>
    <ClCompile Include="flow_view.cpp">
      <Filter>Source Files</Filter>
    </ClCompile>
    <ClCompile Include="GeneratedFiles\Debug\moc_flow_view.cpp">
      <Filter>Generated Files\Debug</Filter>
    </ClCompile>
    <ClCompile Include="GeneratedFiles\Release\moc_flow_view.cpp">
      <Filter>Generated Files\Release</Filter>
    </ClCompile>
    <ClCompile Include="GeneratedFiles\qrc_flow_view.cpp">
      <Filter>Generated Files</Filter>
    </ClCompile>
    <ClCompile Include="pixmap_widget.cpp">
      <Filter>Source Files</Filter>
    </ClCompile>
    <ClCompile Include="GeneratedFiles\Debug\moc_pixmap_widget.cpp">
      <Filter>Generated Files\Debug</Filter>
    </ClCompile>
    <ClCompile Include="GeneratedFiles\Release\moc_pixmap_widget.cpp">
      <Filter>Generated Files\Release</Filter>
    </ClCompile>
    <ClCompile Include="stepped_animation.cpp">
      <Filter>Source Files</Filter>
    </ClCompile>
    <ClCompile Include="GeneratedFiles\Debug\moc_stepped_animation.cpp">
      <Filter>Generated Files\Debug</Filter>
    </ClCompile>
    <ClCompile Include="GeneratedFiles\Release\moc_stepped_animation.cpp">
      <Filter>Generated Files\Release</Filter>
    </ClCompile>
    <ClCompile Include="placer.cpp">
      <Filter>Source Files</Filter>
    </ClCompile>
    <ClCompile Include="normal_placer.cpp">
      <Filter>Source Files</Filter>
    </ClCompile>
    <ClCompile Include="flow_placer.cpp">
      <Filter>Source Files</Filter>
    </ClCompile>
  </ItemGroup>
  <ItemGroup>
    <ClInclude Include="stdafx.h">
      <Filter>Header Files</Filter>
    </ClInclude>
  </ItemGroup>
  <ItemGroup>
    <CustomBuild Include="flow_view.h">
      <Filter>Header Files</Filter>
    </CustomBuild>
    <CustomBuild Include="flow_view.qrc">
      <Filter>Resource Files</Filter>
    </CustomBuild>
    <CustomBuild Include="pixmap_widget.h">
      <Filter>Header Files</Filter>
    </CustomBuild>
    <CustomBuild Include="stepped_animation.h">
      <Filter>Header Files</Filter>
    </CustomBuild>
    <CustomBuild Include="placer.h">
      <Filter>Header Files</Filter>
    </CustomBuild>
    <CustomBuild Include="normal_placer.h">
      <Filter>Header Files</Filter>
    </CustomBuild>
    <CustomBuild Include="flow_placer.h">
      <Filter>Header Files</Filter>
    </CustomBuild>
  </ItemGroup>
  <ItemGroup>
    <None Include="images\desktop.png">
      <Filter>Resource Files\images</Filter>
    </None>
    <None Include="images\hub.png">
      <Filter>Resource Files\images</Filter>
    </None>
    <None Include="images\lan.png">
      <Filter>Resource Files\images</Filter>
    </None>
    <None Include="images\laptop.png">
      <Filter>Resource Files\images</Filter>
    </None>
    <None Include="images\object.png">
      <Filter>Resource Files\images</Filter>
    </None>
    <None Include="images\pc.png">
      <Filter>Resource Files\images</Filter>
    </None>
    <None Include="images\phone.png">
      <Filter>Resource Files\images</Filter>
    </None>
    <None Include="images\printer.png">
      <Filter>Resource Files\images</Filter>
    </None>
    <None Include="images\socket.png">
      <Filter>Resource Files\images</Filter>
    </None>
  </ItemGroup>
</Project>